// !$*UTF8*$!
{
	archiveVersion = 1;
	classes = {
	};
	objectVersion = 48;
	objects = {

/* Begin PBXBuildFile section */
		FE2026DF205D6C9000843BBB /* AppDelegate.swift in Sources */ = {isa = PBXBuildFile; fileRef = FE2026DE205D6C9000843BBB /* AppDelegate.swift */; };
		FE2026E1205D6C9000843BBB /* ViewController.swift in Sources */ = {isa = PBXBuildFile; fileRef = FE2026E0205D6C9000843BBB /* ViewController.swift */; };
		FE2026E4205D6C9000843BBB /* Main.storyboard in Resources */ = {isa = PBXBuildFile; fileRef = FE2026E2205D6C9000843BBB /* Main.storyboard */; };
		FE2026E6205D6C9000843BBB /* Assets.xcassets in Resources */ = {isa = PBXBuildFile; fileRef = FE2026E5205D6C9000843BBB /* Assets.xcassets */; };
		FE2026E9205D6C9000843BBB /* LaunchScreen.storyboard in Resources */ = {isa = PBXBuildFile; fileRef = FE2026E7205D6C9000843BBB /* LaunchScreen.storyboard */; };
		FE2026F4205D6C9000843BBB /* AlertTests.swift in Sources */ = {isa = PBXBuildFile; fileRef = FE2026F3205D6C9000843BBB /* AlertTests.swift */; };
		FE2026FF205D6C9000843BBB /* AlertUITests.swift in Sources */ = {isa = PBXBuildFile; fileRef = FE2026FE205D6C9000843BBB /* AlertUITests.swift */; };
/* End PBXBuildFile section */

/* Begin PBXContainerItemProxy section */
		FE2026F0205D6C9000843BBB /* PBXContainerItemProxy */ = {
			isa = PBXContainerItemProxy;
			containerPortal = FE2026D3205D6C8F00843BBB /* Project object */;
			proxyType = 1;
			remoteGlobalIDString = FE2026DA205D6C9000843BBB;
			remoteInfo = Alert;
		};
		FE2026FB205D6C9000843BBB /* PBXContainerItemProxy */ = {
			isa = PBXContainerItemProxy;
			containerPortal = FE2026D3205D6C8F00843BBB /* Project object */;
			proxyType = 1;
			remoteGlobalIDString = FE2026DA205D6C9000843BBB;
			remoteInfo = Alert;
		};
/* End PBXContainerItemProxy section */

/* Begin PBXFileReference section */
		FE2026DB205D6C9000843BBB /* Alert.app */ = {isa = PBXFileReference; explicitFileType = wrapper.application; includeInIndex = 0; path = Alert.app; sourceTree = BUILT_PRODUCTS_DIR; };
		FE2026DE205D6C9000843BBB /* AppDelegate.swift */ = {isa = PBXFileReference; lastKnownFileType = sourcecode.swift; path = AppDelegate.swift; sourceTree = "<group>"; };
		FE2026E0205D6C9000843BBB /* ViewController.swift */ = {isa = PBXFileReference; lastKnownFileType = sourcecode.swift; path = ViewController.swift; sourceTree = "<group>"; };
		FE2026E3205D6C9000843BBB /* Base */ = {isa = PBXFileReference; lastKnownFileType = file.storyboard; name = Base; path = Base.lproj/Main.storyboard; sourceTree = "<group>"; };
		FE2026E5205D6C9000843BBB /* Assets.xcassets */ = {isa = PBXFileReference; lastKnownFileType = folder.assetcatalog; path = Assets.xcassets; sourceTree = "<group>"; };
		FE2026E8205D6C9000843BBB /* Base */ = {isa = PBXFileReference; lastKnownFileType = file.storyboard; name = Base; path = Base.lproj/LaunchScreen.storyboard; sourceTree = "<group>"; };
		FE2026EA205D6C9000843BBB /* Info.plist */ = {isa = PBXFileReference; lastKnownFileType = text.plist.xml; path = Info.plist; sourceTree = "<group>"; };
		FE2026EF205D6C9000843BBB /* AlertTests.xctest */ = {isa = PBXFileReference; explicitFileType = wrapper.cfbundle; includeInIndex = 0; path = AlertTests.xctest; sourceTree = BUILT_PRODUCTS_DIR; };
		FE2026F3205D6C9000843BBB /* AlertTests.swift */ = {isa = PBXFileReference; lastKnownFileType = sourcecode.swift; path = AlertTests.swift; sourceTree = "<group>"; };
		FE2026F5205D6C9000843BBB /* Info.plist */ = {isa = PBXFileReference; lastKnownFileType = text.plist.xml; path = Info.plist; sourceTree = "<group>"; };
		FE2026FA205D6C9000843BBB /* AlertUITests.xctest */ = {isa = PBXFileReference; explicitFileType = wrapper.cfbundle; includeInIndex = 0; path = AlertUITests.xctest; sourceTree = BUILT_PRODUCTS_DIR; };
		FE2026FE205D6C9000843BBB /* AlertUITests.swift */ = {isa = PBXFileReference; lastKnownFileType = sourcecode.swift; path = AlertUITests.swift; sourceTree = "<group>"; };
		FE202700205D6C9000843BBB /* Info.plist */ = {isa = PBXFileReference; lastKnownFileType = text.plist.xml; path = Info.plist; sourceTree = "<group>"; };
/* End PBXFileReference section */

/* Begin PBXFrameworksBuildPhase section */
		FE2026D8205D6C9000843BBB /* Frameworks */ = {
			isa = PBXFrameworksBuildPhase;
			buildActionMask = 2147483647;
			files = (
			);
			runOnlyForDeploymentPostprocessing = 0;
		};
		FE2026EC205D6C9000843BBB /* Frameworks */ = {
			isa = PBXFrameworksBuildPhase;
			buildActionMask = 2147483647;
			files = (
			);
			runOnlyForDeploymentPostprocessing = 0;
		};
		FE2026F7205D6C9000843BBB /* Frameworks */ = {
			isa = PBXFrameworksBuildPhase;
			buildActionMask = 2147483647;
			files = (
			);
			runOnlyForDeploymentPostprocessing = 0;
		};
/* End PBXFrameworksBuildPhase section */

/* Begin PBXGroup section */
		FE2026D2205D6C8F00843BBB = {
			isa = PBXGroup;
			children = (
				FE2026DD205D6C9000843BBB /* Alert */,
				FE2026F2205D6C9000843BBB /* AlertTests */,
				FE2026FD205D6C9000843BBB /* AlertUITests */,
				FE2026DC205D6C9000843BBB /* Products */,
			);
			sourceTree = "<group>";
		};
		FE2026DC205D6C9000843BBB /* Products */ = {
			isa = PBXGroup;
			children = (
				FE2026DB205D6C9000843BBB /* Alert.app */,
				FE2026EF205D6C9000843BBB /* AlertTests.xctest */,
				FE2026FA205D6C9000843BBB /* AlertUITests.xctest */,
			);
			name = Products;
			sourceTree = "<group>";
		};
		FE2026DD205D6C9000843BBB /* Alert */ = {
			isa = PBXGroup;
			children = (
				FE2026DE205D6C9000843BBB /* AppDelegate.swift */,
				FE2026E0205D6C9000843BBB /* ViewController.swift */,
				FE2026E2205D6C9000843BBB /* Main.storyboard */,
				FE2026E5205D6C9000843BBB /* Assets.xcassets */,
				FE2026E7205D6C9000843BBB /* LaunchScreen.storyboard */,
				FE2026EA205D6C9000843BBB /* Info.plist */,
			);
			path = Alert;
			sourceTree = "<group>";
		};
		FE2026F2205D6C9000843BBB /* AlertTests */ = {
			isa = PBXGroup;
			children = (
				FE2026F3205D6C9000843BBB /* AlertTests.swift */,
				FE2026F5205D6C9000843BBB /* Info.plist */,
			);
			path = AlertTests;
			sourceTree = "<group>";
		};
		FE2026FD205D6C9000843BBB /* AlertUITests */ = {
			isa = PBXGroup;
			children = (
				FE2026FE205D6C9000843BBB /* AlertUITests.swift */,
				FE202700205D6C9000843BBB /* Info.plist */,
			);
			path = AlertUITests;
			sourceTree = "<group>";
		};
/* End PBXGroup section */

/* Begin PBXNativeTarget section */
		FE2026DA205D6C9000843BBB /* Alert */ = {
			isa = PBXNativeTarget;
			buildConfigurationList = FE202703205D6C9000843BBB /* Build configuration list for PBXNativeTarget "Alert" */;
			buildPhases = (
				FE2026D7205D6C9000843BBB /* Sources */,
				FE2026D8205D6C9000843BBB /* Frameworks */,
				FE2026D9205D6C9000843BBB /* Resources */,
			);
			buildRules = (
			);
			dependencies = (
			);
			name = Alert;
			productName = Alert;
			productReference = FE2026DB205D6C9000843BBB /* Alert.app */;
			productType = "com.apple.product-type.application";
		};
		FE2026EE205D6C9000843BBB /* AlertTests */ = {
			isa = PBXNativeTarget;
			buildConfigurationList = FE202706205D6C9000843BBB /* Build configuration list for PBXNativeTarget "AlertTests" */;
			buildPhases = (
				FE2026EB205D6C9000843BBB /* Sources */,
				FE2026EC205D6C9000843BBB /* Frameworks */,
				FE2026ED205D6C9000843BBB /* Resources */,
			);
			buildRules = (
			);
			dependencies = (
				FE2026F1205D6C9000843BBB /* PBXTargetDependency */,
			);
			name = AlertTests;
			productName = AlertTests;
			productReference = FE2026EF205D6C9000843BBB /* AlertTests.xctest */;
			productType = "com.apple.product-type.bundle.unit-test";
		};
		FE2026F9205D6C9000843BBB /* AlertUITests */ = {
			isa = PBXNativeTarget;
			buildConfigurationList = FE202709205D6C9000843BBB /* Build configuration list for PBXNativeTarget "AlertUITests" */;
			buildPhases = (
				FE2026F6205D6C9000843BBB /* Sources */,
				FE2026F7205D6C9000843BBB /* Frameworks */,
				FE2026F8205D6C9000843BBB /* Resources */,
			);
			buildRules = (
			);
			dependencies = (
				FE2026FC205D6C9000843BBB /* PBXTargetDependency */,
			);
			name = AlertUITests;
			productName = AlertUITests;
			productReference = FE2026FA205D6C9000843BBB /* AlertUITests.xctest */;
			productType = "com.apple.product-type.bundle.ui-testing";
		};
/* End PBXNativeTarget section */

/* Begin PBXProject section */
		FE2026D3205D6C8F00843BBB /* Project object */ = {
			isa = PBXProject;
			attributes = {
				LastSwiftUpdateCheck = 0920;
				LastUpgradeCheck = 0920;
				ORGANIZATIONNAME = "Sang won Seo";
				TargetAttributes = {
					FE2026DA205D6C9000843BBB = {
						CreatedOnToolsVersion = 9.2;
						ProvisioningStyle = Automatic;
					};
					FE2026EE205D6C9000843BBB = {
						CreatedOnToolsVersion = 9.2;
						ProvisioningStyle = Automatic;
						TestTargetID = FE2026DA205D6C9000843BBB;
					};
					FE2026F9205D6C9000843BBB = {
						CreatedOnToolsVersion = 9.2;
						ProvisioningStyle = Automatic;
						TestTargetID = FE2026DA205D6C9000843BBB;
					};
				};
			};
			buildConfigurationList = FE2026D6205D6C8F00843BBB /* Build configuration list for PBXProject "Alert" */;
			compatibilityVersion = "Xcode 8.0";
			developmentRegion = en;
			hasScannedForEncodings = 0;
			knownRegions = (
				en,
				Base,
			);
			mainGroup = FE2026D2205D6C8F00843BBB;
			productRefGroup = FE2026DC205D6C9000843BBB /* Products */;
			projectDirPath = "";
			projectRoot = "";
			targets = (
				FE2026DA205D6C9000843BBB /* Alert */,
				FE2026EE205D6C9000843BBB /* AlertTests */,
				FE2026F9205D6C9000843BBB /* AlertUITests */,
			);
		};
/* End PBXProject section */

/* Begin PBXResourcesBuildPhase section */
		FE2026D9205D6C9000843BBB /* Resources */ = {
			isa = PBXResourcesBuildPhase;
			buildActionMask = 2147483647;
			files = (
				FE2026E9205D6C9000843BBB /* LaunchScreen.storyboard in Resources */,
				FE2026E6205D6C9000843BBB /* Assets.xcassets in Resources */,
				FE2026E4205D6C9000843BBB /* Main.storyboard in Resources */,
			);
			runOnlyForDeploymentPostprocessing = 0;
		};
		FE2026ED205D6C9000843BBB /* Resources */ = {
			isa = PBXResourcesBuildPhase;
			buildActionMask = 2147483647;
			files = (
			);
			runOnlyForDeploymentPostprocessing = 0;
		};
		FE2026F8205D6C9000843BBB /* Resources */ = {
			isa = PBXResourcesBuildPhase;
			buildActionMask = 2147483647;
			files = (
			);
			runOnlyForDeploymentPostprocessing = 0;
		};
/* End PBXResourcesBuildPhase section */

/* Begin PBXSourcesBuildPhase section */
		FE2026D7205D6C9000843BBB /* Sources */ = {
			isa = PBXSourcesBuildPhase;
			buildActionMask = 2147483647;
			files = (
				FE2026E1205D6C9000843BBB /* ViewController.swift in Sources */,
				FE2026DF205D6C9000843BBB /* AppDelegate.swift in Sources */,
			);
			runOnlyForDeploymentPostprocessing = 0;
		};
		FE2026EB205D6C9000843BBB /* Sources */ = {
			isa = PBXSourcesBuildPhase;
			buildActionMask = 2147483647;
			files = (
				FE2026F4205D6C9000843BBB /* AlertTests.swift in Sources */,
			);
			runOnlyForDeploymentPostprocessing = 0;
		};
		FE2026F6205D6C9000843BBB /* Sources */ = {
			isa = PBXSourcesBuildPhase;
			buildActionMask = 2147483647;
			files = (
				FE2026FF205D6C9000843BBB /* AlertUITests.swift in Sources */,
			);
			runOnlyForDeploymentPostprocessing = 0;
		};
/* End PBXSourcesBuildPhase section */

/* Begin PBXTargetDependency section */
		FE2026F1205D6C9000843BBB /* PBXTargetDependency */ = {
			isa = PBXTargetDependency;
			target = FE2026DA205D6C9000843BBB /* Alert */;
			targetProxy = FE2026F0205D6C9000843BBB /* PBXContainerItemProxy */;
		};
		FE2026FC205D6C9000843BBB /* PBXTargetDependency */ = {
			isa = PBXTargetDependency;
			target = FE2026DA205D6C9000843BBB /* Alert */;
			targetProxy = FE2026FB205D6C9000843BBB /* PBXContainerItemProxy */;
		};
/* End PBXTargetDependency section */

/* Begin PBXVariantGroup section */
		FE2026E2205D6C9000843BBB /* Main.storyboard */ = {
			isa = PBXVariantGroup;
			children = (
				FE2026E3205D6C9000843BBB /* Base */,
			);
			name = Main.storyboard;
			sourceTree = "<group>";
		};
		FE2026E7205D6C9000843BBB /* LaunchScreen.storyboard */ = {
			isa = PBXVariantGroup;
			children = (
				FE2026E8205D6C9000843BBB /* Base */,
			);
			name = LaunchScreen.storyboard;
			sourceTree = "<group>";
		};
/* End PBXVariantGroup section */

/* Begin XCBuildConfiguration section */
		FE202701205D6C9000843BBB /* Debug */ = {
			isa = XCBuildConfiguration;
			buildSettings = {
				ALWAYS_SEARCH_USER_PATHS = NO;
				CLANG_ANALYZER_NONNULL = YES;
				CLANG_ANALYZER_NUMBER_OBJECT_CONVERSION = YES_AGGRESSIVE;
				CLANG_CXX_LANGUAGE_STANDARD = "gnu++14";
				CLANG_CXX_LIBRARY = "libc++";
				CLANG_ENABLE_MODULES = YES;
				CLANG_ENABLE_OBJC_ARC = YES;
				CLANG_WARN_BLOCK_CAPTURE_AUTORELEASING = YES;
				CLANG_WARN_BOOL_CONVERSION = YES;
				CLANG_WARN_COMMA = YES;
				CLANG_WARN_CONSTANT_CONVERSION = YES;
				CLANG_WARN_DIRECT_OBJC_ISA_USAGE = YES_ERROR;
				CLANG_WARN_DOCUMENTATION_COMMENTS = YES;
				CLANG_WARN_EMPTY_BODY = YES;
				CLANG_WARN_ENUM_CONVERSION = YES;
				CLANG_WARN_INFINITE_RECURSION = YES;
				CLANG_WARN_INT_CONVERSION = YES;
				CLANG_WARN_NON_LITERAL_NULL_CONVERSION = YES;
				CLANG_WARN_OBJC_LITERAL_CONVERSION = YES;
				CLANG_WARN_OBJC_ROOT_CLASS = YES_ERROR;
				CLANG_WARN_RANGE_LOOP_ANALYSIS = YES;
				CLANG_WARN_STRICT_PROTOTYPES = YES;
				CLANG_WARN_SUSPICIOUS_MOVE = YES;
				CLANG_WARN_UNGUARDED_AVAILABILITY = YES_AGGRESSIVE;
				CLANG_WARN_UNREACHABLE_CODE = YES;
				CLANG_WARN__DUPLICATE_METHOD_MATCH = YES;
				CODE_SIGN_IDENTITY = "iPhone Developer";
				COPY_PHASE_STRIP = NO;
				DEBUG_INFORMATION_FORMAT = dwarf;
				ENABLE_STRICT_OBJC_MSGSEND = YES;
				ENABLE_TESTABILITY = YES;
				GCC_C_LANGUAGE_STANDARD = gnu11;
				GCC_DYNAMIC_NO_PIC = NO;
				GCC_NO_COMMON_BLOCKS = YES;
				GCC_OPTIMIZATION_LEVEL = 0;
				GCC_PREPROCESSOR_DEFINITIONS = (
					"DEBUG=1",
					"$(inherited)",
				);
				GCC_WARN_64_TO_32_BIT_CONVERSION = YES;
				GCC_WARN_ABOUT_RETURN_TYPE = YES_ERROR;
				GCC_WARN_UNDECLARED_SELECTOR = YES;
				GCC_WARN_UNINITIALIZED_AUTOS = YES_AGGRESSIVE;
				GCC_WARN_UNUSED_FUNCTION = YES;
				GCC_WARN_UNUSED_VARIABLE = YES;
				IPHONEOS_DEPLOYMENT_TARGET = 11.2;
				MTL_ENABLE_DEBUG_INFO = YES;
				ONLY_ACTIVE_ARCH = YES;
				SDKROOT = iphoneos;
				SWIFT_ACTIVE_COMPILATION_CONDITIONS = DEBUG;
				SWIFT_OPTIMIZATION_LEVEL = "-Onone";
			};
			name = Debug;
		};
		FE202702205D6C9000843BBB /* Release */ = {
			isa = XCBuildConfiguration;
			buildSettings = {
				ALWAYS_SEARCH_USER_PATHS = NO;
				CLANG_ANALYZER_NONNULL = YES;
				CLANG_ANALYZER_NUMBER_OBJECT_CONVERSION = YES_AGGRESSIVE;
				CLANG_CXX_LANGUAGE_STANDARD = "gnu++14";
				CLANG_CXX_LIBRARY = "libc++";
				CLANG_ENABLE_MODULES = YES;
				CLANG_ENABLE_OBJC_ARC = YES;
				CLANG_WARN_BLOCK_CAPTURE_AUTORELEASING = YES;
				CLANG_WARN_BOOL_CONVERSION = YES;
				CLANG_WARN_COMMA = YES;
				CLANG_WARN_CONSTANT_CONVERSION = YES;
				CLANG_WARN_DIRECT_OBJC_ISA_USAGE = YES_ERROR;
				CLANG_WARN_DOCUMENTATION_COMMENTS = YES;
				CLANG_WARN_EMPTY_BODY = YES;
				CLANG_WARN_ENUM_CONVERSION = YES;
				CLANG_WARN_INFINITE_RECURSION = YES;
				CLANG_WARN_INT_CONVERSION = YES;
				CLANG_WARN_NON_LITERAL_NULL_CONVERSION = YES;
				CLANG_WARN_OBJC_LITERAL_CONVERSION = YES;
				CLANG_WARN_OBJC_ROOT_CLASS = YES_ERROR;
				CLANG_WARN_RANGE_LOOP_ANALYSIS = YES;
				CLANG_WARN_STRICT_PROTOTYPES = YES;
				CLANG_WARN_SUSPICIOUS_MOVE = YES;
				CLANG_WARN_UNGUARDED_AVAILABILITY = YES_AGGRESSIVE;
				CLANG_WARN_UNREACHABLE_CODE = YES;
				CLANG_WARN__DUPLICATE_METHOD_MATCH = YES;
				CODE_SIGN_IDENTITY = "iPhone Developer";
				COPY_PHASE_STRIP = NO;
				DEBUG_INFORMATION_FORMAT = "dwarf-with-dsym";
				ENABLE_NS_ASSERTIONS = NO;
				ENABLE_STRICT_OBJC_MSGSEND = YES;
				GCC_C_LANGUAGE_STANDARD = gnu11;
				GCC_NO_COMMON_BLOCKS = YES;
				GCC_WARN_64_TO_32_BIT_CONVERSION = YES;
				GCC_WARN_ABOUT_RETURN_TYPE = YES_ERROR;
				GCC_WARN_UNDECLARED_SELECTOR = YES;
				GCC_WARN_UNINITIALIZED_AUTOS = YES_AGGRESSIVE;
				GCC_WARN_UNUSED_FUNCTION = YES;
				GCC_WARN_UNUSED_VARIABLE = YES;
				IPHONEOS_DEPLOYMENT_TARGET = 11.2;
				MTL_ENABLE_DEBUG_INFO = NO;
				SDKROOT = iphoneos;
				SWIFT_OPTIMIZATION_LEVEL = "-Owholemodule";
				VALIDATE_PRODUCT = YES;
			};
			name = Release;
		};
		FE202704205D6C9000843BBB /* Debug */ = {
			isa = XCBuildConfiguration;
			buildSettings = {
				ASSETCATALOG_COMPILER_APPICON_NAME = AppIcon;
				CODE_SIGN_STYLE = Automatic;
				DEVELOPMENT_TEAM = BU392JZ299;
				INFOPLIST_FILE = Alert/Info.plist;
				LD_RUNPATH_SEARCH_PATHS = "$(inherited) @executable_path/Frameworks";
				PRODUCT_BUNDLE_IDENTIFIER = kr.ac.ditapps.Alert;
				PRODUCT_NAME = "$(TARGET_NAME)";
				SWIFT_VERSION = 4.0;
				TARGETED_DEVICE_FAMILY = "1,2";
			};
			name = Debug;
		};
		FE202705205D6C9000843BBB /* Release */ = {
			isa = XCBuildConfiguration;
			buildSettings = {
				ASSETCATALOG_COMPILER_APPICON_NAME = AppIcon;
				CODE_SIGN_STYLE = Automatic;
				DEVELOPMENT_TEAM = BU392JZ299;
				INFOPLIST_FILE = Alert/Info.plist;
				LD_RUNPATH_SEARCH_PATHS = "$(inherited) @executable_path/Frameworks";
				PRODUCT_BUNDLE_IDENTIFIER = kr.ac.ditapps.Alert;
				PRODUCT_NAME = "$(TARGET_NAME)";
				SWIFT_VERSION = 4.0;
				TARGETED_DEVICE_FAMILY = "1,2";
			};
			name = Release;
		};
		FE202707205D6C9000843BBB /* Debug */ = {
			isa = XCBuildConfiguration;
			buildSettings = {
				ALWAYS_EMBED_SWIFT_STANDARD_LIBRARIES = YES;
				BUNDLE_LOADER = "$(TEST_HOST)";
				CODE_SIGN_STYLE = Automatic;
				DEVELOPMENT_TEAM = BU392JZ299;
				INFOPLIST_FILE = AlertTests/Info.plist;
				LD_RUNPATH_SEARCH_PATHS = "$(inherited) @executable_path/Frameworks @loader_path/Frameworks";
				PRODUCT_BUNDLE_IDENTIFIER = kr.ac.ditapps.AlertTests;
				PRODUCT_NAME = "$(TARGET_NAME)";
				SWIFT_VERSION = 4.0;
				TARGETED_DEVICE_FAMILY = "1,2";
				TEST_HOST = "$(BUILT_PRODUCTS_DIR)/Alert.app/Alert";
			};
			name = Debug;
		};
		FE202708205D6C9000843BBB /* Release */ = {
			isa = XCBuildConfiguration;
			buildSettings = {
				ALWAYS_EMBED_SWIFT_STANDARD_LIBRARIES = YES;
				BUNDLE_LOADER = "$(TEST_HOST)";
				CODE_SIGN_STYLE = Automatic;
				DEVELOPMENT_TEAM = BU392JZ299;
				INFOPLIST_FILE = AlertTests/Info.plist;
				LD_RUNPATH_SEARCH_PATHS = "$(inherited) @executable_path/Frameworks @loader_path/Frameworks";
				PRODUCT_BUNDLE_IDENTIFIER = kr.ac.ditapps.AlertTests;
				PRODUCT_NAME = "$(TARGET_NAME)";
				SWIFT_VERSION = 4.0;
				TARGETED_DEVICE_FAMILY = "1,2";
				TEST_HOST = "$(BUILT_PRODUCTS_DIR)/Alert.app/Alert";
			};
			name = Release;
		};
		FE20270A205D6C9000843BBB /* Debug */ = {
			isa = XCBuildConfiguration;
			buildSettings = {
				ALWAYS_EMBED_SWIFT_STANDARD_LIBRARIES = YES;
				CODE_SIGN_STYLE = Automatic;
				DEVELOPMENT_TEAM = BU392JZ299;
				INFOPLIST_FILE = AlertUITests/Info.plist;
				LD_RUNPATH_SEARCH_PATHS = "$(inherited) @executable_path/Frameworks @loader_path/Frameworks";
				PRODUCT_BUNDLE_IDENTIFIER = kr.ac.ditapps.AlertUITests;
				PRODUCT_NAME = "$(TARGET_NAME)";
				SWIFT_VERSION = 4.0;
				TARGETED_DEVICE_FAMILY = "1,2";
				TEST_TARGET_NAME = Alert;
			};
			name = Debug;
		};
		FE20270B205D6C9000843BBB /* Release */ = {
			isa = XCBuildConfiguration;
			buildSettings = {
				ALWAYS_EMBED_SWIFT_STANDARD_LIBRARIES = YES;
				CODE_SIGN_STYLE = Automatic;
				DEVELOPMENT_TEAM = BU392JZ299;
				INFOPLIST_FILE = AlertUITests/Info.plist;
				LD_RUNPATH_SEARCH_PATHS = "$(inherited) @executable_path/Frameworks @loader_path/Frameworks";
				PRODUCT_BUNDLE_IDENTIFIER = kr.ac.ditapps.AlertUITests;
				PRODUCT_NAME = "$(TARGET_NAME)";
				SWIFT_VERSION = 4.0;
				TARGETED_DEVICE_FAMILY = "1,2";
				TEST_TARGET_NAME = Alert;
			};
			name = Release;
		};
/* End XCBuildConfiguration section */

/* Begin XCConfigurationList section */
		FE2026D6205D6C8F00843BBB /* Build configuration list for PBXProject "Alert" */ = {
			isa = XCConfigurationList;
			buildConfigurations = (
				FE202701205D6C9000843BBB /* Debug */,
				FE202702205D6C9000843BBB /* Release */,
			);
			defaultConfigurationIsVisible = 0;
			defaultConfigurationName = Release;
		};
		FE202703205D6C9000843BBB /* Build configuration list for PBXNativeTarget "Alert" */ = {
			isa = XCConfigurationList;
			buildConfigurations = (
				FE202704205D6C9000843BBB /* Debug */,
				FE202705205D6C9000843BBB /* Release */,
			);
			defaultConfigurationIsVisible = 0;
			defaultConfigurationName = Release;
		};
		FE202706205D6C9000843BBB /* Build configuration list for PBXNativeTarget "AlertTests" */ = {
			isa = XCConfigurationList;
			buildConfigurations = (
				FE202707205D6C9000843BBB /* Debug */,
				FE202708205D6C9000843BBB /* Release */,
			);
			defaultConfigurationIsVisible = 0;
			defaultConfigurationName = Release;
		};
		FE202709205D6C9000843BBB /* Build configuration list for PBXNativeTarget "AlertUITests" */ = {
			isa = XCConfigurationList;
			buildConfigurations = (
				FE20270A205D6C9000843BBB /* Debug */,
				FE20270B205D6C9000843BBB /* Release */,
			);
			defaultConfigurationIsVisible = 0;
			defaultConfigurationName = Release;
		};
/* End XCConfigurationList section */
	};
	rootObject = FE2026D3205D6C8F00843BBB /* Project object */;
}
